Microsoft Visual Studio Solution File, Format Version 12.00
# Visual Studio 14
VisualStudioVersion = 14.0.24720.0
MinimumVisualStudioVersion = 10.0.40219.1
Project("{FAE04EC0-301F-11D3-BF4B-00C04F79EFBC}") = "DocuSign.eSign", "DocuSign.eSign.csproj", "{1C0B36AC-3F40-4BDA-9626-06498F1CF3C4}"
EndProject
Global
	GlobalSection(SolutionConfigurationPlatforms) = preSolution
		Debug|Any CPU = Debug|Any CPU
		Release|Any CPU = Release|Any CPU
	EndGlobalSection
	GlobalSection(ProjectConfigurationPlatforms) = postSolution
		{1C0B36AC-3F40-4BDA-9626-06498F1CF3C4}.Debug|Any CPU.ActiveCfg = Release|Any CPU
		{1C0B36AC-3F40-4BDA-9626-06498F1CF3C4}.Debug|Any CPU.Build.0 = Release|Any CPU
		{1C0B36AC-3F40-4BDA-9626-06498F1CF3C4}.Release|Any CPU.ActiveCfg = Release|Any CPU
		{1C0B36AC-3F40-4BDA-9626-06498F1CF3C4}.Release|Any CPU.Build.0 = Release|Any CPU
	EndGlobalSection
	GlobalSection(SolutionProperties) = preSolution
		HideSolutionNode = FALSE
	EndGlobalSection
EndGlobal
