Microsoft Visual Studio Solution File, Format Version 12.00
# Visual Studio 14
VisualStudioVersion = 14.0.25420.1
MinimumVisualStudioVersion = 10.0.40219.1
Project("{FAE04EC0-301F-11D3-BF4B-00C04F79EFBC}") = "DocuSign.eSign", "src\DocuSign.eSign\DocuSign.eSign.csproj", "{586BC84C-A947-43B0-902D-77FE421FD4F2}"
EndProject
Project("{FAE04EC0-301F-11D3-BF4B-00C04F79EFBC}") = "DocuSign.eSign.Test", "src\DocuSign.eSign.Test\DocuSign.eSign.Test.csproj", "{19F1DEBC-DE5E-4517-8062-F000CD499087}"
EndProject
Global
	GlobalSection(SolutionConfigurationPlatforms) = preSolution
		Debug|Any CPU = Debug|Any CPU
		Release|Any CPU = Release|Any CPU
	EndGlobalSection
	GlobalSection(ProjectConfigurationPlatforms) = postSolution
		{586BC84C-A947-43B0-902D-77FE421FD4F2}.Debug|Any CPU.ActiveCfg = Debug|Any CPU
		{586BC84C-A947-43B0-902D-77FE421FD4F2}.Debug|Any CPU.Build.0 = Debug|Any CPU
		{586BC84C-A947-43B0-902D-77FE421FD4F2}.Release|Any CPU.ActiveCfg = Release|Any CPU
		{586BC84C-A947-43B0-902D-77FE421FD4F2}.Release|Any CPU.Build.0 = Release|Any CPU
		{19F1DEBC-DE5E-4517-8062-F000CD499087}.Debug|Any CPU.ActiveCfg = Debug|Any CPU
		{19F1DEBC-DE5E-4517-8062-F000CD499087}.Debug|Any CPU.Build.0 = Debug|Any CPU
		{19F1DEBC-DE5E-4517-8062-F000CD499087}.Release|Any CPU.ActiveCfg = Release|Any CPU
		{19F1DEBC-DE5E-4517-8062-F000CD499087}.Release|Any CPU.Build.0 = Release|Any CPU
	EndGlobalSection
	GlobalSection(SolutionProperties) = preSolution
		HideSolutionNode = FALSE
	EndGlobalSection
EndGlobal
